{
  "version": 4,
  "terraform_version": "1.0.11",
  "serial": 164,
  "lineage": "76bf9ec2-cc92-2420-5130-9472131aa8b2",
  "outputs": {
    "base_url": {
      "value": "https://ii0pf6z315.execute-api.us-east-1.amazonaws.com/",
      "type": "string"
    },
    "function_name": {
      "value": "hello-world",
      "type": "string"
    },
    "function_name2": {
      "value": "learn-world",
      "type": "string"
    },
    "lambda_bucket_name": {
      "value": "home-test-tf-bucket-igb",
      "type": "string"
    }
  },
  "resources": [
    {
      "mode": "data",
      "type": "archive_file",
      "name": "lambda_hello_world",
      "provider": "provider[\"registry.terraform.io/hashicorp/archive\"]",
      "instances": [
        {
          "schema_version": 0,
          "attributes": {
            "excludes": null,
            "id": "22c316690056169429c77e66ea416eb0dc8b1a96",
            "output_base64sha256": "qWYc5edpgU6cyYpIjZeB/KKzRlSGaTTG5Qkm8nJmCvs=",
            "output_file_mode": null,
            "output_md5": "4f3cae0c712d92ee8fc1924194004e0e",
            "output_path": "./hello-world.zip",
            "output_sha": "22c316690056169429c77e66ea416eb0dc8b1a96",
            "output_size": 463,
            "source": [],
            "source_content": null,
            "source_content_filename": null,
            "source_dir": "./hello-world",
            "source_file": null,
            "type": "zip"
          },
          "sensitive_attributes": []
        }
      ]
    },
    {
      "mode": "managed",
      "type": "aws_cloudwatch_log_group",
      "name": "api_gw",
      "provider": "provider[\"registry.terraform.io/hashicorp/aws\"]",
      "instances": [
        {
          "schema_version": 0,
          "attributes": {
            "arn": "arn:aws:logs:us-east-1:093208034071:log-group:/aws/lambda/ii0pf6z315",
            "id": "/aws/lambda/ii0pf6z315",
            "kms_key_id": "",
            "name": "/aws/lambda/ii0pf6z315",
            "name_prefix": null,
            "retention_in_days": 30,
            "tags": null,
            "tags_all": {}
          },
          "sensitive_attributes": [],
          "private": "bnVsbA==",
          "dependencies": [
            "aws_s3_bucket.builds",
            "aws_s3_bucket_object.my_function",
            "data.archive_file.lambda_hello_world",
            "module.api_gateway.aws_apigatewayv2_api.this",
            "module.lambda_function_existing_package_s3.aws_cloudwatch_log_group.lambda",
            "module.lambda_function_existing_package_s3.aws_iam_role.lambda",
            "module.lambda_function_existing_package_s3.aws_lambda_function.this",
            "module.lambda_function_existing_package_s3.aws_s3_bucket_object.lambda_package",
            "module.lambda_function_existing_package_s3.data.aws_iam_policy_document.assume_role",
            "module.lambda_function_existing_package_s3.data.external.archive_prepare",
            "module.lambda_function_existing_package_s3.null_resource.archive",
            "module.lambda_function_existing_package_s3_2.aws_cloudwatch_log_group.lambda",
            "module.lambda_function_existing_package_s3_2.aws_iam_role.lambda",
            "module.lambda_function_existing_package_s3_2.aws_lambda_function.this",
            "module.lambda_function_existing_package_s3_2.aws_s3_bucket_object.lambda_package",
            "module.lambda_function_existing_package_s3_2.data.aws_iam_policy_document.assume_role",
            "module.lambda_function_existing_package_s3_2.data.external.archive_prepare",
            "module.lambda_function_existing_package_s3_2.null_resource.archive"
          ]
        }
      ]
    },
    {
      "mode": "managed",
      "type": "aws_s3_bucket",
      "name": "builds",
      "provider": "provider[\"registry.terraform.io/hashicorp/aws\"]",
      "instances": [
        {
          "schema_version": 0,
          "attributes": {
            "acceleration_status": "",
            "acl": "private",
            "arn": "arn:aws:s3:::home-test-tf-bucket-igb",
            "bucket": "home-test-tf-bucket-igb",
            "bucket_domain_name": "home-test-tf-bucket-igb.s3.amazonaws.com",
            "bucket_prefix": null,
            "bucket_regional_domain_name": "home-test-tf-bucket-igb.s3.amazonaws.com",
            "cors_rule": [],
            "force_destroy": false,
            "grant": [],
            "hosted_zone_id": "Z3AQBSTGFYJSTF",
            "id": "home-test-tf-bucket-igb",
            "lifecycle_rule": [],
            "logging": [],
            "object_lock_configuration": [],
            "policy": null,
            "region": "us-east-1",
            "replication_configuration": [],
            "request_payer": "BucketOwner",
            "server_side_encryption_configuration": [],
            "tags": null,
            "tags_all": {},
            "versioning": [
              {
                "enabled": false,
                "mfa_delete": false
              }
            ],
            "website": [],
            "website_domain": null,
            "website_endpoint": null
          },
          "sensitive_attributes": [],
          "private": "bnVsbA=="
        }
      ]
    },
    {
      "mode": "managed",
      "type": "aws_s3_bucket_object",
      "name": "my_function",
      "provider": "provider[\"registry.terraform.io/hashicorp/aws\"]",
      "instances": [
        {
          "schema_version": 0,
          "attributes": {
            "acl": "private",
            "bucket": "home-test-tf-bucket-igb",
            "bucket_key_enabled": false,
            "cache_control": "",
            "content": null,
            "content_base64": null,
            "content_disposition": "",
            "content_encoding": "",
            "content_language": "",
            "content_type": "binary/octet-stream",
            "etag": "4f3cae0c712d92ee8fc1924194004e0e",
            "force_destroy": false,
            "id": "4f3cae0c712d92ee8fc1924194004e0e.zip",
            "key": "4f3cae0c712d92ee8fc1924194004e0e.zip",
            "kms_key_id": null,
            "metadata": null,
            "object_lock_legal_hold_status": "",
            "object_lock_mode": "",
            "object_lock_retain_until_date": "",
            "server_side_encryption": "",
            "source": "./hello-world.zip",
            "source_hash": null,
            "storage_class": "STANDARD",
            "tags": null,
            "tags_all": {},
            "version_id": "",
            "website_redirect": ""
          },
          "sensitive_attributes": [],
          "private": "bnVsbA==",
          "dependencies": [
            "aws_s3_bucket.builds",
            "data.archive_file.lambda_hello_world"
          ]
        }
      ]
    },
    {
      "module": "module.api_gateway",
      "mode": "managed",
      "type": "aws_apigatewayv2_api",
      "name": "this",
      "provider": "provider[\"registry.terraform.io/hashicorp/aws\"]",
      "instances": [
        {
          "index_key": 0,
          "schema_version": 0,
          "attributes": {
            "api_endpoint": "https://ii0pf6z315.execute-api.us-east-1.amazonaws.com",
            "api_key_selection_expression": "$request.header.x-api-key",
            "arn": "arn:aws:apigateway:us-east-1::/apis/ii0pf6z315",
            "body": "{\"info\":{\"title\":\"ulesson\",\"version\":\"1.0\"},\"openapi\":\"3.0.1\",\"paths\":{\"/hello\":{\"get\":{\"x-amazon-apigateway-integration\":{\"httpMethod\":\"GET\",\"payloadFormatVersion\":\"1.0\",\"type\":\"AWS_PROXY\",\"uri\":\"arn:aws:lambda:us-east-1:093208034071:function:hello-world\"}}},\"/learn\":{\"get\":{\"x-amazon-apigateway-integration\":{\"httpMethod\":\"GET\",\"payloadFormatVersion\":\"1.0\",\"type\":\"AWS_PROXY\",\"uri\":\"arn:aws:lambda:us-east-1:093208034071:function:learn-world\"}}}}}",
            "cors_configuration": [
              {
                "allow_credentials": false,
                "allow_headers": [
                  "authorization",
                  "content-type",
                  "x-amz-date",
                  "x-amz-security-token",
                  "x-amz-user-agent",
                  "x-api-key"
                ],
                "allow_methods": [
                  "*"
                ],
                "allow_origins": [
                  "*"
                ],
                "expose_headers": null,
                "max_age": 0
              }
            ],
            "credentials_arn": null,
            "description": "My HTTP API Gateway",
            "disable_execute_api_endpoint": false,
            "execution_arn": "arn:aws:execute-api:us-east-1:093208034071:ii0pf6z315",
            "fail_on_warnings": null,
            "id": "ii0pf6z315",
            "name": "ulesson",
            "protocol_type": "HTTP",
            "route_key": null,
            "route_selection_expression": "$request.method $request.path",
            "tags": {
              "Name": "http-apigateway"
            },
            "tags_all": {
              "Name": "http-apigateway"
            },
            "target": null,
            "version": ""
          },
          "sensitive_attributes": [],
          "private": "bnVsbA==",
          "dependencies": [
            "aws_s3_bucket.builds",
            "aws_s3_bucket_object.my_function",
            "data.archive_file.lambda_hello_world",
            "module.lambda_function_existing_package_s3.aws_cloudwatch_log_group.lambda",
            "module.lambda_function_existing_package_s3.aws_iam_role.lambda",
            "module.lambda_function_existing_package_s3.aws_lambda_function.this",
            "module.lambda_function_existing_package_s3.aws_s3_bucket_object.lambda_package",
            "module.lambda_function_existing_package_s3.data.aws_iam_policy_document.assume_role",
            "module.lambda_function_existing_package_s3.data.external.archive_prepare",
            "module.lambda_function_existing_package_s3.null_resource.archive",
            "module.lambda_function_existing_package_s3_2.aws_cloudwatch_log_group.lambda",
            "module.lambda_function_existing_package_s3_2.aws_iam_role.lambda",
            "module.lambda_function_existing_package_s3_2.aws_lambda_function.this",
            "module.lambda_function_existing_package_s3_2.aws_s3_bucket_object.lambda_package",
            "module.lambda_function_existing_package_s3_2.data.aws_iam_policy_document.assume_role",
            "module.lambda_function_existing_package_s3_2.data.external.archive_prepare",
            "module.lambda_function_existing_package_s3_2.null_resource.archive"
          ]
        }
      ]
    },
    {
      "module": "module.api_gateway",
      "mode": "managed",
      "type": "aws_apigatewayv2_stage",
      "name": "default",
      "provider": "provider[\"registry.terraform.io/hashicorp/aws\"]",
      "instances": [
        {
          "index_key": 0,
          "schema_version": 0,
          "attributes": {
            "access_log_settings": [
              {
                "destination_arn": "arn:aws:logs:us-east-1:093208034071:log-group:/aws/lambda/ii0pf6z315",
                "format": "$context.identity.sourceIp - - [$context.requestTime] \"$context.httpMethod $context.routeKey $context.protocol\" $context.status $context.responseLength $context.requestId $context.integrationErrorMessage"
              }
            ],
            "api_id": "ii0pf6z315",
            "arn": "arn:aws:apigateway:us-east-1::/apis/ii0pf6z315/stages/$default",
            "auto_deploy": true,
            "client_certificate_id": "",
            "default_route_settings": [
              {
                "data_trace_enabled": false,
                "detailed_metrics_enabled": false,
                "logging_level": "",
                "throttling_burst_limit": 0,
                "throttling_rate_limit": 0
              }
            ],
            "deployment_id": "",
            "description": "",
            "execution_arn": "arn:aws:execute-api:us-east-1:093208034071:ii0pf6z315/$default",
            "id": "$default",
            "invoke_url": "https://ii0pf6z315.execute-api.us-east-1.amazonaws.com/",
            "name": "$default",
            "route_settings": [],
            "stage_variables": null,
            "tags": {
              "Name": "http-apigateway"
            },
            "tags_all": {
              "Name": "http-apigateway"
            }
          },
          "sensitive_attributes": [],
          "private": "bnVsbA==",
          "dependencies": [
            "aws_cloudwatch_log_group.api_gw",
            "aws_s3_bucket.builds",
            "aws_s3_bucket_object.my_function",
            "data.archive_file.lambda_hello_world",
            "module.api_gateway.aws_apigatewayv2_api.this",
            "module.lambda_function_existing_package_s3.aws_cloudwatch_log_group.lambda",
            "module.lambda_function_existing_package_s3.aws_iam_role.lambda",
            "module.lambda_function_existing_package_s3.aws_lambda_function.this",
            "module.lambda_function_existing_package_s3.aws_s3_bucket_object.lambda_package",
            "module.lambda_function_existing_package_s3.data.aws_iam_policy_document.assume_role",
            "module.lambda_function_existing_package_s3.data.external.archive_prepare",
            "module.lambda_function_existing_package_s3.null_resource.archive",
            "module.lambda_function_existing_package_s3_2.aws_cloudwatch_log_group.lambda",
            "module.lambda_function_existing_package_s3_2.aws_iam_role.lambda",
            "module.lambda_function_existing_package_s3_2.aws_lambda_function.this",
            "module.lambda_function_existing_package_s3_2.aws_s3_bucket_object.lambda_package",
            "module.lambda_function_existing_package_s3_2.data.aws_iam_policy_document.assume_role",
            "module.lambda_function_existing_package_s3_2.data.external.archive_prepare",
            "module.lambda_function_existing_package_s3_2.null_resource.archive"
          ]
        }
      ]
    },
    {
      "module": "module.lambda_function_existing_package_s3",
      "mode": "data",
      "type": "aws_iam_policy_document",
      "name": "assume_role",
      "provider": "provider[\"registry.terraform.io/hashicorp/aws\"]",
      "instances": [
        {
          "index_key": 0,
          "schema_version": 0,
          "attributes": {
            "id": "3693445097",
            "json": "{\n  \"Version\": \"2012-10-17\",\n  \"Statement\": [\n    {\n      \"Sid\": \"\",\n      \"Effect\": \"Allow\",\n      \"Action\": \"sts:AssumeRole\",\n      \"Principal\": {\n        \"Service\": \"lambda.amazonaws.com\"\n      }\n    }\n  ]\n}",
            "override_json": null,
            "override_policy_documents": null,
            "policy_id": null,
            "source_json": null,
            "source_policy_documents": null,
            "statement": [
              {
                "actions": [
                  "sts:AssumeRole"
                ],
                "condition": [],
                "effect": "Allow",
                "not_actions": [],
                "not_principals": [],
                "not_resources": [],
                "principals": [
                  {
                    "identifiers": [
                      "lambda.amazonaws.com"
                    ],
                    "type": "Service"
                  }
                ],
                "resources": [],
                "sid": ""
              }
            ],
            "version": "2012-10-17"
          },
          "sensitive_attributes": []
        }
      ]
    },
    {
      "module": "module.lambda_function_existing_package_s3",
      "mode": "data",
      "type": "aws_iam_policy_document",
      "name": "logs",
      "provider": "provider[\"registry.terraform.io/hashicorp/aws\"]",
      "instances": [
        {
          "index_key": 0,
          "schema_version": 0,
          "attributes": {
            "id": "3644340560",
            "json": "{\n  \"Version\": \"2012-10-17\",\n  \"Statement\": [\n    {\n      \"Sid\": \"\",\n      \"Effect\": \"Allow\",\n      \"Action\": [\n        \"logs:PutLogEvents\",\n        \"logs:CreateLogStream\",\n        \"logs:CreateLogGroup\"\n      ],\n      \"Resource\": [\n        \"arn:aws:logs:us-east-1:093208034071:log-group:/aws/lambda/hello-world:*:*\",\n        \"arn:aws:logs:us-east-1:093208034071:log-group:/aws/lambda/hello-world:*\"\n      ]\n    }\n  ]\n}",
            "override_json": null,
            "override_policy_documents": null,
            "policy_id": null,
            "source_json": null,
            "source_policy_documents": null,
            "statement": [
              {
                "actions": [
                  "logs:CreateLogGroup",
                  "logs:CreateLogStream",
                  "logs:PutLogEvents"
                ],
                "condition": [],
                "effect": "Allow",
                "not_actions": [],
                "not_principals": [],
                "not_resources": [],
                "principals": [],
                "resources": [
                  "arn:aws:logs:us-east-1:093208034071:log-group:/aws/lambda/hello-world:*",
                  "arn:aws:logs:us-east-1:093208034071:log-group:/aws/lambda/hello-world:*:*"
                ],
                "sid": ""
              }
            ],
            "version": "2012-10-17"
          },
          "sensitive_attributes": []
        }
      ]
    },
    {
      "module": "module.lambda_function_existing_package_s3",
      "mode": "data",
      "type": "aws_partition",
      "name": "current",
      "provider": "provider[\"registry.terraform.io/hashicorp/aws\"]",
      "instances": [
        {
          "schema_version": 0,
          "attributes": {
            "dns_suffix": "amazonaws.com",
            "id": "aws",
            "partition": "aws",
            "reverse_dns_prefix": "com.amazonaws"
          },
          "sensitive_attributes": []
        }
      ]
    },
    {
      "module": "module.lambda_function_existing_package_s3",
      "mode": "managed",
      "type": "aws_cloudwatch_log_group",
      "name": "lambda",
      "provider": "provider[\"registry.terraform.io/hashicorp/aws\"]",
      "instances": [
        {
          "index_key": 0,
          "schema_version": 0,
          "attributes": {
            "arn": "arn:aws:logs:us-east-1:093208034071:log-group:/aws/lambda/hello-world",
            "id": "/aws/lambda/hello-world",
            "kms_key_id": "",
            "name": "/aws/lambda/hello-world",
            "name_prefix": null,
            "retention_in_days": 0,
            "tags": null,
            "tags_all": {}
          },
          "sensitive_attributes": [],
          "private": "bnVsbA=="
        }
      ]
    },
    {
      "module": "module.lambda_function_existing_package_s3",
      "mode": "managed",
      "type": "aws_iam_policy",
      "name": "logs",
      "provider": "provider[\"registry.terraform.io/hashicorp/aws\"]",
      "instances": [
        {
          "index_key": 0,
          "schema_version": 0,
          "attributes": {
            "arn": "arn:aws:iam::093208034071:policy/hello-world-logs",
            "description": "",
            "id": "arn:aws:iam::093208034071:policy/hello-world-logs",
            "name": "hello-world-logs",
            "name_prefix": null,
            "path": "/",
            "policy": "{\"Statement\":[{\"Action\":[\"logs:PutLogEvents\",\"logs:CreateLogStream\",\"logs:CreateLogGroup\"],\"Effect\":\"Allow\",\"Resource\":[\"arn:aws:logs:us-east-1:093208034071:log-group:/aws/lambda/hello-world:*:*\",\"arn:aws:logs:us-east-1:093208034071:log-group:/aws/lambda/hello-world:*\"],\"Sid\":\"\"}],\"Version\":\"2012-10-17\"}",
            "policy_id": "ANPARLM5BXMLRVKMKALMF",
            "tags": null,
            "tags_all": {}
          },
          "sensitive_attributes": [],
          "private": "bnVsbA==",
          "dependencies": [
            "module.lambda_function_existing_package_s3.aws_cloudwatch_log_group.lambda",
            "module.lambda_function_existing_package_s3.data.aws_arn.log_group_arn",
            "module.lambda_function_existing_package_s3.data.aws_cloudwatch_log_group.lambda",
            "module.lambda_function_existing_package_s3.data.aws_iam_policy_document.logs"
          ]
        }
      ]
    },
    {
      "module": "module.lambda_function_existing_package_s3",
      "mode": "managed",
      "type": "aws_iam_role",
      "name": "lambda",
      "provider": "provider[\"registry.terraform.io/hashicorp/aws\"]",
      "instances": [
        {
          "index_key": 0,
          "schema_version": 0,
          "attributes": {
            "arn": "arn:aws:iam::093208034071:role/hello-world",
            "assume_role_policy": "{\"Version\":\"2012-10-17\",\"Statement\":[{\"Sid\":\"\",\"Effect\":\"Allow\",\"Principal\":{\"Service\":\"lambda.amazonaws.com\"},\"Action\":\"sts:AssumeRole\"}]}",
            "create_date": "2022-01-19T11:27:18Z",
            "description": "",
            "force_detach_policies": true,
            "id": "hello-world",
            "inline_policy": [
              {
                "name": "",
                "policy": ""
              }
            ],
            "managed_policy_arns": [],
            "max_session_duration": 3600,
            "name": "hello-world",
            "name_prefix": "",
            "path": "/",
            "permissions_boundary": null,
            "tags": null,
            "tags_all": {},
            "unique_id": "AROARLM5BXMLS4NOOHKIC"
          },
          "sensitive_attributes": [],
          "private": "bnVsbA==",
          "dependencies": [
            "module.lambda_function_existing_package_s3.data.aws_iam_policy_document.assume_role"
          ]
        }
      ]
    },
    {
      "module": "module.lambda_function_existing_package_s3",
      "mode": "managed",
      "type": "aws_iam_role_policy_attachment",
      "name": "logs",
      "provider": "provider[\"registry.terraform.io/hashicorp/aws\"]",
      "instances": [
        {
          "index_key": 0,
          "schema_version": 0,
          "attributes": {
            "id": "hello-world-20220119112856492700000002",
            "policy_arn": "arn:aws:iam::093208034071:policy/hello-world-logs",
            "role": "hello-world"
          },
          "sensitive_attributes": [],
          "private": "bnVsbA==",
          "dependencies": [
            "module.lambda_function_existing_package_s3.aws_cloudwatch_log_group.lambda",
            "module.lambda_function_existing_package_s3.aws_iam_policy.logs",
            "module.lambda_function_existing_package_s3.aws_iam_role.lambda",
            "module.lambda_function_existing_package_s3.data.aws_arn.log_group_arn",
            "module.lambda_function_existing_package_s3.data.aws_cloudwatch_log_group.lambda",
            "module.lambda_function_existing_package_s3.data.aws_iam_policy_document.assume_role",
            "module.lambda_function_existing_package_s3.data.aws_iam_policy_document.logs"
          ]
        }
      ]
    },
    {
      "module": "module.lambda_function_existing_package_s3",
      "mode": "managed",
      "type": "aws_lambda_function",
      "name": "this",
      "provider": "provider[\"registry.terraform.io/hashicorp/aws\"]",
      "instances": [
        {
          "index_key": 0,
          "schema_version": 0,
          "attributes": {
            "architectures": [
              "x86_64"
            ],
            "arn": "arn:aws:lambda:us-east-1:093208034071:function:hello-world",
            "code_signing_config_arn": "",
            "dead_letter_config": [],
            "description": "My Hello world lambda function",
            "environment": [],
            "file_system_config": [],
            "filename": null,
            "function_name": "hello-world",
            "handler": "hello.handler",
            "id": "hello-world",
            "image_config": [],
            "image_uri": "",
            "invoke_arn": "arn:aws:apigateway:us-east-1:lambda:path/2015-03-31/functions/arn:aws:lambda:us-east-1:093208034071:function:hello-world/invocations",
            "kms_key_arn": "",
            "last_modified": "2022-01-19T11:28:46.518+0000",
            "layers": null,
            "memory_size": 128,
            "package_type": "Zip",
            "publish": true,
            "qualified_arn": "arn:aws:lambda:us-east-1:093208034071:function:hello-world:2",
            "reserved_concurrent_executions": -1,
            "role": "arn:aws:iam::093208034071:role/hello-world",
            "runtime": "nodejs12.x",
            "s3_bucket": "home-test-tf-bucket-igb",
            "s3_key": "4f3cae0c712d92ee8fc1924194004e0e.zip",
            "s3_object_version": null,
            "signing_job_arn": "",
            "signing_profile_version_arn": "",
            "source_code_hash": "qWYc5edpgU6cyYpIjZeB/KKzRlSGaTTG5Qkm8nJmCvs=",
            "source_code_size": 463,
            "tags": null,
            "tags_all": {},
            "timeout": 3,
            "timeouts": null,
            "tracing_config": [
              {
                "mode": "PassThrough"
              }
            ],
            "version": "2",
            "vpc_config": []
          },
          "sensitive_attributes": [],
          "private": "eyJlMmJmYjczMC1lY2FhLTExZTYtOGY4OC0zNDM2M2JjN2M0YzAiOnsiY3JlYXRlIjo2MDAwMDAwMDAwMDB9fQ==",
          "dependencies": [
            "aws_s3_bucket.builds",
            "aws_s3_bucket_object.my_function",
            "data.archive_file.lambda_hello_world",
            "module.lambda_function_existing_package_s3.aws_cloudwatch_log_group.lambda",
            "module.lambda_function_existing_package_s3.aws_iam_role.lambda",
            "module.lambda_function_existing_package_s3.aws_s3_bucket_object.lambda_package",
            "module.lambda_function_existing_package_s3.data.aws_iam_policy_document.assume_role",
            "module.lambda_function_existing_package_s3.data.external.archive_prepare",
            "module.lambda_function_existing_package_s3.null_resource.archive"
          ]
        }
      ]
    },
    {
      "module": "module.lambda_function_existing_package_s3",
      "mode": "managed",
      "type": "aws_lambda_permission",
      "name": "current_version_triggers",
      "provider": "provider[\"registry.terraform.io/hashicorp/aws\"]",
      "instances": [
        {
          "index_key": "AllowExecutionFromAPIGateway",
          "schema_version": 0,
          "attributes": {
            "action": "lambda:InvokeFunction",
            "event_source_token": null,
            "function_name": "hello-world",
            "id": "AllowExecutionFromAPIGateway",
            "principal": "apigateway.amazonaws.com",
            "qualifier": "2",
            "source_account": null,
            "source_arn": "arn:aws:execute-api:us-east-1:093208034071:ii0pf6z315/*/*",
            "statement_id": "AllowExecutionFromAPIGateway",
            "statement_id_prefix": null
          },
          "sensitive_attributes": [],
          "private": "bnVsbA==",
          "dependencies": [
            "aws_s3_bucket.builds",
            "aws_s3_bucket_object.my_function",
            "data.archive_file.lambda_hello_world",
            "module.api_gateway.aws_apigatewayv2_api.this",
            "module.lambda_function_existing_package_s3.aws_cloudwatch_log_group.lambda",
            "module.lambda_function_existing_package_s3.aws_iam_role.lambda",
            "module.lambda_function_existing_package_s3.aws_lambda_function.this",
            "module.lambda_function_existing_package_s3.aws_s3_bucket_object.lambda_package",
            "module.lambda_function_existing_package_s3.data.aws_iam_policy_document.assume_role",
            "module.lambda_function_existing_package_s3.data.external.archive_prepare",
            "module.lambda_function_existing_package_s3.null_resource.archive",
            "module.lambda_function_existing_package_s3_2.aws_cloudwatch_log_group.lambda",
            "module.lambda_function_existing_package_s3_2.aws_iam_role.lambda",
            "module.lambda_function_existing_package_s3_2.aws_lambda_function.this",
            "module.lambda_function_existing_package_s3_2.aws_s3_bucket_object.lambda_package",
            "module.lambda_function_existing_package_s3_2.data.aws_iam_policy_document.assume_role",
            "module.lambda_function_existing_package_s3_2.data.external.archive_prepare",
            "module.lambda_function_existing_package_s3_2.null_resource.archive"
          ]
        }
      ]
    },
    {
      "module": "module.lambda_function_existing_package_s3",
      "mode": "managed",
      "type": "aws_lambda_permission",
      "name": "unqualified_alias_triggers",
      "provider": "provider[\"registry.terraform.io/hashicorp/aws\"]",
      "instances": [
        {
          "index_key": "AllowExecutionFromAPIGateway",
          "schema_version": 0,
          "attributes": {
            "action": "lambda:InvokeFunction",
            "event_source_token": null,
            "function_name": "hello-world",
            "id": "AllowExecutionFromAPIGateway",
            "principal": "apigateway.amazonaws.com",
            "qualifier": "",
            "source_account": null,
            "source_arn": "arn:aws:execute-api:us-east-1:093208034071:ii0pf6z315/*/*",
            "statement_id": "AllowExecutionFromAPIGateway",
            "statement_id_prefix": null
          },
          "sensitive_attributes": [],
          "private": "bnVsbA==",
          "dependencies": [
            "aws_s3_bucket.builds",
            "aws_s3_bucket_object.my_function",
            "data.archive_file.lambda_hello_world",
            "module.api_gateway.aws_apigatewayv2_api.this",
            "module.lambda_function_existing_package_s3.aws_cloudwatch_log_group.lambda",
            "module.lambda_function_existing_package_s3.aws_iam_role.lambda",
            "module.lambda_function_existing_package_s3.aws_lambda_function.this",
            "module.lambda_function_existing_package_s3.aws_s3_bucket_object.lambda_package",
            "module.lambda_function_existing_package_s3.data.aws_iam_policy_document.assume_role",
            "module.lambda_function_existing_package_s3.data.external.archive_prepare",
            "module.lambda_function_existing_package_s3.null_resource.archive",
            "module.lambda_function_existing_package_s3_2.aws_cloudwatch_log_group.lambda",
            "module.lambda_function_existing_package_s3_2.aws_iam_role.lambda",
            "module.lambda_function_existing_package_s3_2.aws_lambda_function.this",
            "module.lambda_function_existing_package_s3_2.aws_s3_bucket_object.lambda_package",
            "module.lambda_function_existing_package_s3_2.data.aws_iam_policy_document.assume_role",
            "module.lambda_function_existing_package_s3_2.data.external.archive_prepare",
            "module.lambda_function_existing_package_s3_2.null_resource.archive"
          ]
        }
      ]
    },
    {
      "module": "module.lambda_function_existing_package_s3_2",
      "mode": "data",
      "type": "aws_iam_policy_document",
      "name": "assume_role",
      "provider": "provider[\"registry.terraform.io/hashicorp/aws\"]",
      "instances": [
        {
          "index_key": 0,
          "schema_version": 0,
          "attributes": {
            "id": "3693445097",
            "json": "{\n  \"Version\": \"2012-10-17\",\n  \"Statement\": [\n    {\n      \"Sid\": \"\",\n      \"Effect\": \"Allow\",\n      \"Action\": \"sts:AssumeRole\",\n      \"Principal\": {\n        \"Service\": \"lambda.amazonaws.com\"\n      }\n    }\n  ]\n}",
            "override_json": null,
            "override_policy_documents": null,
            "policy_id": null,
            "source_json": null,
            "source_policy_documents": null,
            "statement": [
              {
                "actions": [
                  "sts:AssumeRole"
                ],
                "condition": [],
                "effect": "Allow",
                "not_actions": [],
                "not_principals": [],
                "not_resources": [],
                "principals": [
                  {
                    "identifiers": [
                      "lambda.amazonaws.com"
                    ],
                    "type": "Service"
                  }
                ],
                "resources": [],
                "sid": ""
              }
            ],
            "version": "2012-10-17"
          },
          "sensitive_attributes": []
        }
      ]
    },
    {
      "module": "module.lambda_function_existing_package_s3_2",
      "mode": "data",
      "type": "aws_iam_policy_document",
      "name": "logs",
      "provider": "provider[\"registry.terraform.io/hashicorp/aws\"]",
      "instances": [
        {
          "index_key": 0,
          "schema_version": 0,
          "attributes": {
            "id": "2276393050",
            "json": "{\n  \"Version\": \"2012-10-17\",\n  \"Statement\": [\n    {\n      \"Sid\": \"\",\n      \"Effect\": \"Allow\",\n      \"Action\": [\n        \"logs:PutLogEvents\",\n        \"logs:CreateLogStream\",\n        \"logs:CreateLogGroup\"\n      ],\n      \"Resource\": [\n        \"arn:aws:logs:us-east-1:093208034071:log-group:/aws/lambda/learn-world:*:*\",\n        \"arn:aws:logs:us-east-1:093208034071:log-group:/aws/lambda/learn-world:*\"\n      ]\n    }\n  ]\n}",
            "override_json": null,
            "override_policy_documents": null,
            "policy_id": null,
            "source_json": null,
            "source_policy_documents": null,
            "statement": [
              {
                "actions": [
                  "logs:CreateLogGroup",
                  "logs:CreateLogStream",
                  "logs:PutLogEvents"
                ],
                "condition": [],
                "effect": "Allow",
                "not_actions": [],
                "not_principals": [],
                "not_resources": [],
                "principals": [],
                "resources": [
                  "arn:aws:logs:us-east-1:093208034071:log-group:/aws/lambda/learn-world:*",
                  "arn:aws:logs:us-east-1:093208034071:log-group:/aws/lambda/learn-world:*:*"
                ],
                "sid": ""
              }
            ],
            "version": "2012-10-17"
          },
          "sensitive_attributes": []
        }
      ]
    },
    {
      "module": "module.lambda_function_existing_package_s3_2",
      "mode": "data",
      "type": "aws_partition",
      "name": "current",
      "provider": "provider[\"registry.terraform.io/hashicorp/aws\"]",
      "instances": [
        {
          "schema_version": 0,
          "attributes": {
            "dns_suffix": "amazonaws.com",
            "id": "aws",
            "partition": "aws",
            "reverse_dns_prefix": "com.amazonaws"
          },
          "sensitive_attributes": []
        }
      ]
    },
    {
      "module": "module.lambda_function_existing_package_s3_2",
      "mode": "managed",
      "type": "aws_cloudwatch_log_group",
      "name": "lambda",
      "provider": "provider[\"registry.terraform.io/hashicorp/aws\"]",
      "instances": [
        {
          "index_key": 0,
          "schema_version": 0,
          "attributes": {
            "arn": "arn:aws:logs:us-east-1:093208034071:log-group:/aws/lambda/learn-world",
            "id": "/aws/lambda/learn-world",
            "kms_key_id": "",
            "name": "/aws/lambda/learn-world",
            "name_prefix": null,
            "retention_in_days": 0,
            "tags": null,
            "tags_all": {}
          },
          "sensitive_attributes": [],
          "private": "bnVsbA=="
        }
      ]
    },
    {
      "module": "module.lambda_function_existing_package_s3_2",
      "mode": "managed",
      "type": "aws_iam_policy",
      "name": "logs",
      "provider": "provider[\"registry.terraform.io/hashicorp/aws\"]",
      "instances": [
        {
          "index_key": 0,
          "schema_version": 0,
          "attributes": {
            "arn": "arn:aws:iam::093208034071:policy/learn-world-logs",
            "description": "",
            "id": "arn:aws:iam::093208034071:policy/learn-world-logs",
            "name": "learn-world-logs",
            "name_prefix": null,
            "path": "/",
            "policy": "{\"Statement\":[{\"Action\":[\"logs:PutLogEvents\",\"logs:CreateLogStream\",\"logs:CreateLogGroup\"],\"Effect\":\"Allow\",\"Resource\":[\"arn:aws:logs:us-east-1:093208034071:log-group:/aws/lambda/learn-world:*:*\",\"arn:aws:logs:us-east-1:093208034071:log-group:/aws/lambda/learn-world:*\"],\"Sid\":\"\"}],\"Version\":\"2012-10-17\"}",
            "policy_id": "ANPARLM5BXML6Q2UHSJPV",
            "tags": null,
            "tags_all": {}
          },
          "sensitive_attributes": [],
          "private": "bnVsbA==",
          "dependencies": [
            "module.lambda_function_existing_package_s3_2.aws_cloudwatch_log_group.lambda",
            "module.lambda_function_existing_package_s3_2.data.aws_arn.log_group_arn",
            "module.lambda_function_existing_package_s3_2.data.aws_cloudwatch_log_group.lambda",
            "module.lambda_function_existing_package_s3_2.data.aws_iam_policy_document.logs"
          ]
        }
      ]
    },
    {
      "module": "module.lambda_function_existing_package_s3_2",
      "mode": "managed",
      "type": "aws_iam_role",
      "name": "lambda",
      "provider": "provider[\"registry.terraform.io/hashicorp/aws\"]",
      "instances": [
        {
          "index_key": 0,
          "schema_version": 0,
          "attributes": {
            "arn": "arn:aws:iam::093208034071:role/learn-world",
            "assume_role_policy": "{\"Version\":\"2012-10-17\",\"Statement\":[{\"Sid\":\"\",\"Effect\":\"Allow\",\"Principal\":{\"Service\":\"lambda.amazonaws.com\"},\"Action\":\"sts:AssumeRole\"}]}",
            "create_date": "2022-01-19T11:27:18Z",
            "description": "",
            "force_detach_policies": true,
            "id": "learn-world",
            "inline_policy": [
              {
                "name": "",
                "policy": ""
              }
            ],
            "managed_policy_arns": [],
            "max_session_duration": 3600,
            "name": "learn-world",
            "name_prefix": "",
            "path": "/",
            "permissions_boundary": null,
            "tags": null,
            "tags_all": {},
            "unique_id": "AROARLM5BXMLVWKKDW6SM"
          },
          "sensitive_attributes": [],
          "private": "bnVsbA==",
          "dependencies": [
            "module.lambda_function_existing_package_s3_2.data.aws_iam_policy_document.assume_role"
          ]
        }
      ]
    },
    {
      "module": "module.lambda_function_existing_package_s3_2",
      "mode": "managed",
      "type": "aws_iam_role_policy_attachment",
      "name": "logs",
      "provider": "provider[\"registry.terraform.io/hashicorp/aws\"]",
      "instances": [
        {
          "index_key": 0,
          "schema_version": 0,
          "attributes": {
            "id": "learn-world-20220119112831311300000001",
            "policy_arn": "arn:aws:iam::093208034071:policy/learn-world-logs",
            "role": "learn-world"
          },
          "sensitive_attributes": [],
          "private": "bnVsbA==",
          "dependencies": [
            "module.lambda_function_existing_package_s3_2.aws_cloudwatch_log_group.lambda",
            "module.lambda_function_existing_package_s3_2.aws_iam_policy.logs",
            "module.lambda_function_existing_package_s3_2.aws_iam_role.lambda",
            "module.lambda_function_existing_package_s3_2.data.aws_arn.log_group_arn",
            "module.lambda_function_existing_package_s3_2.data.aws_cloudwatch_log_group.lambda",
            "module.lambda_function_existing_package_s3_2.data.aws_iam_policy_document.assume_role",
            "module.lambda_function_existing_package_s3_2.data.aws_iam_policy_document.logs"
          ]
        }
      ]
    },
    {
      "module": "module.lambda_function_existing_package_s3_2",
      "mode": "managed",
      "type": "aws_lambda_function",
      "name": "this",
      "provider": "provider[\"registry.terraform.io/hashicorp/aws\"]",
      "instances": [
        {
          "index_key": 0,
          "schema_version": 0,
          "attributes": {
            "architectures": [
              "x86_64"
            ],
            "arn": "arn:aws:lambda:us-east-1:093208034071:function:learn-world",
            "code_signing_config_arn": "",
            "dead_letter_config": [],
            "description": "My Learn world lambda function",
            "environment": [],
            "file_system_config": [],
            "filename": null,
            "function_name": "learn-world",
            "handler": "hello.handler2",
            "id": "learn-world",
            "image_config": [],
            "image_uri": "",
            "invoke_arn": "arn:aws:apigateway:us-east-1:lambda:path/2015-03-31/functions/arn:aws:lambda:us-east-1:093208034071:function:learn-world/invocations",
            "kms_key_arn": "",
            "last_modified": "2022-01-19T11:27:36.181+0000",
            "layers": null,
            "memory_size": 128,
            "package_type": "Zip",
            "publish": true,
            "qualified_arn": "arn:aws:lambda:us-east-1:093208034071:function:learn-world:2",
            "reserved_concurrent_executions": -1,
            "role": "arn:aws:iam::093208034071:role/learn-world",
            "runtime": "nodejs12.x",
            "s3_bucket": "home-test-tf-bucket-igb",
            "s3_key": "4f3cae0c712d92ee8fc1924194004e0e.zip",
            "s3_object_version": null,
            "signing_job_arn": "",
            "signing_profile_version_arn": "",
            "source_code_hash": "qWYc5edpgU6cyYpIjZeB/KKzRlSGaTTG5Qkm8nJmCvs=",
            "source_code_size": 463,
            "tags": null,
            "tags_all": {},
            "timeout": 3,
            "timeouts": null,
            "tracing_config": [
              {
                "mode": "PassThrough"
              }
            ],
            "version": "2",
            "vpc_config": []
          },
          "sensitive_attributes": [],
          "private": "eyJlMmJmYjczMC1lY2FhLTExZTYtOGY4OC0zNDM2M2JjN2M0YzAiOnsiY3JlYXRlIjo2MDAwMDAwMDAwMDB9fQ==",
          "dependencies": [
            "aws_s3_bucket.builds",
            "aws_s3_bucket_object.my_function",
            "data.archive_file.lambda_hello_world",
            "module.lambda_function_existing_package_s3_2.aws_cloudwatch_log_group.lambda",
            "module.lambda_function_existing_package_s3_2.aws_iam_role.lambda",
            "module.lambda_function_existing_package_s3_2.aws_s3_bucket_object.lambda_package",
            "module.lambda_function_existing_package_s3_2.data.aws_iam_policy_document.assume_role",
            "module.lambda_function_existing_package_s3_2.data.external.archive_prepare",
            "module.lambda_function_existing_package_s3_2.null_resource.archive"
          ]
        }
      ]
    },
    {
      "module": "module.lambda_function_existing_package_s3_2",
      "mode": "managed",
      "type": "aws_lambda_permission",
      "name": "current_version_triggers",
      "provider": "provider[\"registry.terraform.io/hashicorp/aws\"]",
      "instances": [
        {
          "index_key": "AllowExecutionFromAPIGateway",
          "schema_version": 0,
          "attributes": {
            "action": "lambda:InvokeFunction",
            "event_source_token": null,
            "function_name": "learn-world",
            "id": "AllowExecutionFromAPIGateway",
            "principal": "apigateway.amazonaws.com",
            "qualifier": "2",
            "source_account": null,
            "source_arn": "arn:aws:execute-api:us-east-1:093208034071:ii0pf6z315/*/*",
            "statement_id": "AllowExecutionFromAPIGateway",
            "statement_id_prefix": null
          },
          "sensitive_attributes": [],
          "private": "bnVsbA==",
          "dependencies": [
            "aws_s3_bucket.builds",
            "aws_s3_bucket_object.my_function",
            "data.archive_file.lambda_hello_world",
            "module.api_gateway.aws_apigatewayv2_api.this",
            "module.lambda_function_existing_package_s3.aws_cloudwatch_log_group.lambda",
            "module.lambda_function_existing_package_s3.aws_iam_role.lambda",
            "module.lambda_function_existing_package_s3.aws_lambda_function.this",
            "module.lambda_function_existing_package_s3.aws_s3_bucket_object.lambda_package",
            "module.lambda_function_existing_package_s3.data.aws_iam_policy_document.assume_role",
            "module.lambda_function_existing_package_s3.data.external.archive_prepare",
            "module.lambda_function_existing_package_s3.null_resource.archive",
            "module.lambda_function_existing_package_s3_2.aws_cloudwatch_log_group.lambda",
            "module.lambda_function_existing_package_s3_2.aws_iam_role.lambda",
            "module.lambda_function_existing_package_s3_2.aws_lambda_function.this",
            "module.lambda_function_existing_package_s3_2.aws_s3_bucket_object.lambda_package",
            "module.lambda_function_existing_package_s3_2.data.aws_iam_policy_document.assume_role",
            "module.lambda_function_existing_package_s3_2.data.external.archive_prepare",
            "module.lambda_function_existing_package_s3_2.null_resource.archive"
          ]
        }
      ]
    },
    {
      "module": "module.lambda_function_existing_package_s3_2",
      "mode": "managed",
      "type": "aws_lambda_permission",
      "name": "unqualified_alias_triggers",
      "provider": "provider[\"registry.terraform.io/hashicorp/aws\"]",
      "instances": [
        {
          "index_key": "AllowExecutionFromAPIGateway",
          "schema_version": 0,
          "attributes": {
            "action": "lambda:InvokeFunction",
            "event_source_token": null,
            "function_name": "learn-world",
            "id": "AllowExecutionFromAPIGateway",
            "principal": "apigateway.amazonaws.com",
            "qualifier": "",
            "source_account": null,
            "source_arn": "arn:aws:execute-api:us-east-1:093208034071:ii0pf6z315/*/*",
            "statement_id": "AllowExecutionFromAPIGateway",
            "statement_id_prefix": null
          },
          "sensitive_attributes": [],
          "private": "bnVsbA==",
          "dependencies": [
            "aws_s3_bucket.builds",
            "aws_s3_bucket_object.my_function",
            "data.archive_file.lambda_hello_world",
            "module.api_gateway.aws_apigatewayv2_api.this",
            "module.lambda_function_existing_package_s3.aws_cloudwatch_log_group.lambda",
            "module.lambda_function_existing_package_s3.aws_iam_role.lambda",
            "module.lambda_function_existing_package_s3.aws_lambda_function.this",
            "module.lambda_function_existing_package_s3.aws_s3_bucket_object.lambda_package",
            "module.lambda_function_existing_package_s3.data.aws_iam_policy_document.assume_role",
            "module.lambda_function_existing_package_s3.data.external.archive_prepare",
            "module.lambda_function_existing_package_s3.null_resource.archive",
            "module.lambda_function_existing_package_s3_2.aws_cloudwatch_log_group.lambda",
            "module.lambda_function_existing_package_s3_2.aws_iam_role.lambda",
            "module.lambda_function_existing_package_s3_2.aws_lambda_function.this",
            "module.lambda_function_existing_package_s3_2.aws_s3_bucket_object.lambda_package",
            "module.lambda_function_existing_package_s3_2.data.aws_iam_policy_document.assume_role",
            "module.lambda_function_existing_package_s3_2.data.external.archive_prepare",
            "module.lambda_function_existing_package_s3_2.null_resource.archive"
          ]
        }
      ]
    }
  ]
}
